
Microsoft Visual Studio Solution File, Format Version 12.00
# Visual Studio 15
VisualStudioVersion = 15.0.26403.7
MinimumVisualStudioVersion = 10.0.40219.1
Project("{2150E333-8FDC-42A3-9474-1A3956D46DE8}") = "Creational Patterns", "Creational Patterns", "{78A80511-C10F-4E29-88F5-5CF855ED9F6B}"
EndProject
Project("{2150E333-8FDC-42A3-9474-1A3956D46DE8}") = "Behavioral Patterns", "Behavioral Patterns", "{ECB6101A-3A6E-4573-9F4A-93C7E458CBE1}"
EndProject
Project("{2150E333-8FDC-42A3-9474-1A3956D46DE8}") = "Structural Patterns", "Structural Patterns", "{A4CFF2A6-A797-4F76-9B06-14A017B58500}"
EndProject
Project("{FAE04EC0-301F-11D3-BF4B-00C04F79EFBC}") = "Bridge", "Bridge\Bridge.csproj", "{CEB110BF-D09A-41D2-BC26-7B842F3C5EF8}"
EndProject
Project("{FAE04EC0-301F-11D3-BF4B-00C04F79EFBC}") = "Singleton.Tests", "Singleton.Tests\Singleton.Tests.csproj", "{0D52B0BF-B656-43F0-9C9E-1759020CB85C}"
EndProject
Project("{2150E333-8FDC-42A3-9474-1A3956D46DE8}") = "Singleton", "Singleton", "{F802D03A-96BD-4832-B301-87371FE94221}"
EndProject
Project("{9A19103F-16F7-4668-BE54-9A1E7A4F7556}") = "Singleton", "Singleton\Singleton.csproj", "{39168B1D-7F8A-456D-90E9-D7211DDDF10C}"
EndProject
Project("{2150E333-8FDC-42A3-9474-1A3956D46DE8}") = "Strategy", "Strategy", "{863473BC-E44B-40AA-B3D5-FF296517BB2F}"
EndProject
Project("{FAE04EC0-301F-11D3-BF4B-00C04F79EFBC}") = "Strategy", "Strategy\Strategy.csproj", "{140FF498-DEC6-48D5-B157-5620F8944D67}"
EndProject
Project("{FAE04EC0-301F-11D3-BF4B-00C04F79EFBC}") = "Strategy.Tests", "Strategy.Tests\Strategy.Tests.csproj", "{B6135A2A-8075-4AB2-BA33-2457D25B7150}"
EndProject
Project("{2150E333-8FDC-42A3-9474-1A3956D46DE8}") = "Observer", "Observer", "{62A455B9-7D2D-4AF2-BB73-DE67D38F32F1}"
EndProject
Project("{FAE04EC0-301F-11D3-BF4B-00C04F79EFBC}") = "Observer", "Observer\Observer.csproj", "{E1C90CA0-CDAD-4F2E-B061-AC92CB1FA441}"
EndProject
Project("{2150E333-8FDC-42A3-9474-1A3956D46DE8}") = "AbstractFactory", "AbstractFactory", "{61B4D11E-5703-427F-AD77-DC75EC95691E}"
EndProject
Project("{9A19103F-16F7-4668-BE54-9A1E7A4F7556}") = "AbstractFactory", "AbstractFactory\AbstractFactory.csproj", "{16557C2B-485A-4724-AF9A-16E6E387ACC0}"
EndProject
Project("{FAE04EC0-301F-11D3-BF4B-00C04F79EFBC}") = "Observer.Tests", "Observer.Tests\Observer.Tests.csproj", "{0F56DF30-16D8-47AB-9462-B9D5A935A4C9}"
EndProject
Project("{2150E333-8FDC-42A3-9474-1A3956D46DE8}") = "Decorator", "Decorator", "{B84411D0-36AC-4D9F-A2C8-A073A296CE05}"
EndProject
Project("{FAE04EC0-301F-11D3-BF4B-00C04F79EFBC}") = "Decorator", "Decorator\Decorator.csproj", "{21183904-D62E-48A6-9FA9-525C6BDD4A55}"
EndProject
Project("{FAE04EC0-301F-11D3-BF4B-00C04F79EFBC}") = "Decorator.Tests", "Decorator.Tests\Decorator.Tests.csproj", "{8B6DA6A7-49D5-4EC7-A7AF-0C303A1F0F94}"
EndProject
Project("{2150E333-8FDC-42A3-9474-1A3956D46DE8}") = "Composite", "Composite", "{AAD63126-0959-4B99-ACC8-45D96CA6369C}"
EndProject
Project("{FAE04EC0-301F-11D3-BF4B-00C04F79EFBC}") = "Composite", "Composite\Composite.csproj", "{ABDB11F7-8DD8-454D-95CA-3715D6CF29A4}"
EndProject
Project("{FAE04EC0-301F-11D3-BF4B-00C04F79EFBC}") = "Composite.Tests", "Composite.Tests\Composite.Tests.csproj", "{065ED6A2-1D55-4922-8B70-64D6CCEE9948}"
EndProject
Global
	GlobalSection(SolutionConfigurationPlatforms) = preSolution
		Debug|Any CPU = Debug|Any CPU
		Release|Any CPU = Release|Any CPU
	EndGlobalSection
	GlobalSection(ProjectConfigurationPlatforms) = postSolution
		{CEB110BF-D09A-41D2-BC26-7B842F3C5EF8}.Debug|Any CPU.ActiveCfg = Debug|Any CPU
		{CEB110BF-D09A-41D2-BC26-7B842F3C5EF8}.Debug|Any CPU.Build.0 = Debug|Any CPU
		{CEB110BF-D09A-41D2-BC26-7B842F3C5EF8}.Release|Any CPU.ActiveCfg = Release|Any CPU
		{CEB110BF-D09A-41D2-BC26-7B842F3C5EF8}.Release|Any CPU.Build.0 = Release|Any CPU
		{0D52B0BF-B656-43F0-9C9E-1759020CB85C}.Debug|Any CPU.ActiveCfg = Debug|Any CPU
		{0D52B0BF-B656-43F0-9C9E-1759020CB85C}.Debug|Any CPU.Build.0 = Debug|Any CPU
		{0D52B0BF-B656-43F0-9C9E-1759020CB85C}.Release|Any CPU.ActiveCfg = Release|Any CPU
		{0D52B0BF-B656-43F0-9C9E-1759020CB85C}.Release|Any CPU.Build.0 = Release|Any CPU
		{39168B1D-7F8A-456D-90E9-D7211DDDF10C}.Debug|Any CPU.ActiveCfg = Debug|Any CPU
		{39168B1D-7F8A-456D-90E9-D7211DDDF10C}.Debug|Any CPU.Build.0 = Debug|Any CPU
		{39168B1D-7F8A-456D-90E9-D7211DDDF10C}.Release|Any CPU.ActiveCfg = Release|Any CPU
		{39168B1D-7F8A-456D-90E9-D7211DDDF10C}.Release|Any CPU.Build.0 = Release|Any CPU
		{140FF498-DEC6-48D5-B157-5620F8944D67}.Debug|Any CPU.ActiveCfg = Debug|Any CPU
		{140FF498-DEC6-48D5-B157-5620F8944D67}.Debug|Any CPU.Build.0 = Debug|Any CPU
		{140FF498-DEC6-48D5-B157-5620F8944D67}.Release|Any CPU.ActiveCfg = Release|Any CPU
		{140FF498-DEC6-48D5-B157-5620F8944D67}.Release|Any CPU.Build.0 = Release|Any CPU
		{B6135A2A-8075-4AB2-BA33-2457D25B7150}.Debug|Any CPU.ActiveCfg = Debug|Any CPU
		{B6135A2A-8075-4AB2-BA33-2457D25B7150}.Debug|Any CPU.Build.0 = Debug|Any CPU
		{B6135A2A-8075-4AB2-BA33-2457D25B7150}.Release|Any CPU.ActiveCfg = Release|Any CPU
		{B6135A2A-8075-4AB2-BA33-2457D25B7150}.Release|Any CPU.Build.0 = Release|Any CPU
		{E1C90CA0-CDAD-4F2E-B061-AC92CB1FA441}.Debug|Any CPU.ActiveCfg = Debug|Any CPU
		{E1C90CA0-CDAD-4F2E-B061-AC92CB1FA441}.Debug|Any CPU.Build.0 = Debug|Any CPU
		{E1C90CA0-CDAD-4F2E-B061-AC92CB1FA441}.Release|Any CPU.ActiveCfg = Release|Any CPU
		{E1C90CA0-CDAD-4F2E-B061-AC92CB1FA441}.Release|Any CPU.Build.0 = Release|Any CPU
		{16557C2B-485A-4724-AF9A-16E6E387ACC0}.Debug|Any CPU.ActiveCfg = Debug|Any CPU
		{16557C2B-485A-4724-AF9A-16E6E387ACC0}.Debug|Any CPU.Build.0 = Debug|Any CPU
		{16557C2B-485A-4724-AF9A-16E6E387ACC0}.Release|Any CPU.ActiveCfg = Release|Any CPU
		{16557C2B-485A-4724-AF9A-16E6E387ACC0}.Release|Any CPU.Build.0 = Release|Any CPU
		{0F56DF30-16D8-47AB-9462-B9D5A935A4C9}.Debug|Any CPU.ActiveCfg = Debug|Any CPU
		{0F56DF30-16D8-47AB-9462-B9D5A935A4C9}.Debug|Any CPU.Build.0 = Debug|Any CPU
		{0F56DF30-16D8-47AB-9462-B9D5A935A4C9}.Release|Any CPU.ActiveCfg = Release|Any CPU
		{0F56DF30-16D8-47AB-9462-B9D5A935A4C9}.Release|Any CPU.Build.0 = Release|Any CPU
		{21183904-D62E-48A6-9FA9-525C6BDD4A55}.Debug|Any CPU.ActiveCfg = Debug|Any CPU
		{21183904-D62E-48A6-9FA9-525C6BDD4A55}.Debug|Any CPU.Build.0 = Debug|Any CPU
		{21183904-D62E-48A6-9FA9-525C6BDD4A55}.Release|Any CPU.ActiveCfg = Release|Any CPU
		{21183904-D62E-48A6-9FA9-525C6BDD4A55}.Release|Any CPU.Build.0 = Release|Any CPU
		{8B6DA6A7-49D5-4EC7-A7AF-0C303A1F0F94}.Debug|Any CPU.ActiveCfg = Debug|Any CPU
		{8B6DA6A7-49D5-4EC7-A7AF-0C303A1F0F94}.Debug|Any CPU.Build.0 = Debug|Any CPU
		{8B6DA6A7-49D5-4EC7-A7AF-0C303A1F0F94}.Release|Any CPU.ActiveCfg = Release|Any CPU
		{8B6DA6A7-49D5-4EC7-A7AF-0C303A1F0F94}.Release|Any CPU.Build.0 = Release|Any CPU
		{ABDB11F7-8DD8-454D-95CA-3715D6CF29A4}.Debug|Any CPU.ActiveCfg = Debug|Any CPU
		{ABDB11F7-8DD8-454D-95CA-3715D6CF29A4}.Debug|Any CPU.Build.0 = Debug|Any CPU
		{ABDB11F7-8DD8-454D-95CA-3715D6CF29A4}.Release|Any CPU.ActiveCfg = Release|Any CPU
		{ABDB11F7-8DD8-454D-95CA-3715D6CF29A4}.Release|Any CPU.Build.0 = Release|Any CPU
		{065ED6A2-1D55-4922-8B70-64D6CCEE9948}.Debug|Any CPU.ActiveCfg = Debug|Any CPU
		{065ED6A2-1D55-4922-8B70-64D6CCEE9948}.Debug|Any CPU.Build.0 = Debug|Any CPU
		{065ED6A2-1D55-4922-8B70-64D6CCEE9948}.Release|Any CPU.ActiveCfg = Release|Any CPU
		{065ED6A2-1D55-4922-8B70-64D6CCEE9948}.Release|Any CPU.Build.0 = Release|Any CPU
	EndGlobalSection
	GlobalSection(SolutionProperties) = preSolution
		HideSolutionNode = FALSE
	EndGlobalSection
	GlobalSection(NestedProjects) = preSolution
		{CEB110BF-D09A-41D2-BC26-7B842F3C5EF8} = {A4CFF2A6-A797-4F76-9B06-14A017B58500}
		{0D52B0BF-B656-43F0-9C9E-1759020CB85C} = {F802D03A-96BD-4832-B301-87371FE94221}
		{F802D03A-96BD-4832-B301-87371FE94221} = {78A80511-C10F-4E29-88F5-5CF855ED9F6B}
		{39168B1D-7F8A-456D-90E9-D7211DDDF10C} = {F802D03A-96BD-4832-B301-87371FE94221}
		{863473BC-E44B-40AA-B3D5-FF296517BB2F} = {ECB6101A-3A6E-4573-9F4A-93C7E458CBE1}
		{140FF498-DEC6-48D5-B157-5620F8944D67} = {863473BC-E44B-40AA-B3D5-FF296517BB2F}
		{B6135A2A-8075-4AB2-BA33-2457D25B7150} = {863473BC-E44B-40AA-B3D5-FF296517BB2F}
		{62A455B9-7D2D-4AF2-BB73-DE67D38F32F1} = {ECB6101A-3A6E-4573-9F4A-93C7E458CBE1}
		{E1C90CA0-CDAD-4F2E-B061-AC92CB1FA441} = {62A455B9-7D2D-4AF2-BB73-DE67D38F32F1}
		{61B4D11E-5703-427F-AD77-DC75EC95691E} = {78A80511-C10F-4E29-88F5-5CF855ED9F6B}
		{16557C2B-485A-4724-AF9A-16E6E387ACC0} = {61B4D11E-5703-427F-AD77-DC75EC95691E}
		{0F56DF30-16D8-47AB-9462-B9D5A935A4C9} = {62A455B9-7D2D-4AF2-BB73-DE67D38F32F1}
		{B84411D0-36AC-4D9F-A2C8-A073A296CE05} = {A4CFF2A6-A797-4F76-9B06-14A017B58500}
		{21183904-D62E-48A6-9FA9-525C6BDD4A55} = {B84411D0-36AC-4D9F-A2C8-A073A296CE05}
		{8B6DA6A7-49D5-4EC7-A7AF-0C303A1F0F94} = {B84411D0-36AC-4D9F-A2C8-A073A296CE05}
		{AAD63126-0959-4B99-ACC8-45D96CA6369C} = {A4CFF2A6-A797-4F76-9B06-14A017B58500}
		{ABDB11F7-8DD8-454D-95CA-3715D6CF29A4} = {AAD63126-0959-4B99-ACC8-45D96CA6369C}
		{065ED6A2-1D55-4922-8B70-64D6CCEE9948} = {AAD63126-0959-4B99-ACC8-45D96CA6369C}
	EndGlobalSection
EndGlobal
